// !$*UTF8*$!
{
	archiveVersion = 1;
	classes = {
	};
	objectVersion = 56;
	objects = {

/* Begin PBXBuildFile section */
		6505DB922C20A0F40048CA79 /* ApegoApp.swift in Sources */ = {isa = PBXBuildFile; fileRef = 6505DB912C20A0F40048CA79 /* ApegoApp.swift */; };
		6505DB942C20A0F40048CA79 /* ContentView.swift in Sources */ = {isa = PBXBuildFile; fileRef = 6505DB932C20A0F40048CA79 /* ContentView.swift */; };
		6505DB962C20A0F40048CA79 /* Item.swift in Sources */ = {isa = PBXBuildFile; fileRef = 6505DB952C20A0F40048CA79 /* Item.swift */; };
		6505DB982C20A0F50048CA79 /* Assets.xcassets in Resources */ = {isa = PBXBuildFile; fileRef = 6505DB972C20A0F50048CA79 /* Assets.xcassets */; };
		6505DB9B2C20A0F50048CA79 /* Preview Assets.xcassets in Resources */ = {isa = PBXBuildFile; fileRef = 6505DB9A2C20A0F50048CA79 /* Preview Assets.xcassets */; };
		653EA0982C21B02500E4E9B6 /* TabBar.swift in Sources */ = {isa = PBXBuildFile; fileRef = 653EA0972C21B02500E4E9B6 /* TabBar.swift */; };
		653EA09A2C21B10400E4E9B6 /* OrganizarView.swift in Sources */ = {isa = PBXBuildFile; fileRef = 653EA0992C21B10400E4E9B6 /* OrganizarView.swift */; };
		653EA09C2C21B23100E4E9B6 /* CombinarView.swift in Sources */ = {isa = PBXBuildFile; fileRef = 653EA09B2C21B23100E4E9B6 /* CombinarView.swift */; };
		653EA09E2C21B27600E4E9B6 /* ApegoView.swift in Sources */ = {isa = PBXBuildFile; fileRef = 653EA09D2C21B27600E4E9B6 /* ApegoView.swift */; };
/* End PBXBuildFile section */

/* Begin PBXFileReference section */
		6505DB8E2C20A0F40048CA79 /* Apego.app */ = {isa = PBXFileReference; explicitFileType = wrapper.application; includeInIndex = 0; path = Apego.app; sourceTree = BUILT_PRODUCTS_DIR; };
		6505DB912C20A0F40048CA79 /* ApegoApp.swift */ = {isa = PBXFileReference; lastKnownFileType = sourcecode.swift; path = ApegoApp.swift; sourceTree = "<group>"; };
		6505DB932C20A0F40048CA79 /* ContentView.swift */ = {isa = PBXFileReference; lastKnownFileType = sourcecode.swift; path = ContentView.swift; sourceTree = "<group>"; };
		6505DB952C20A0F40048CA79 /* Item.swift */ = {isa = PBXFileReference; lastKnownFileType = sourcecode.swift; path = Item.swift; sourceTree = "<group>"; };
		6505DB972C20A0F50048CA79 /* Assets.xcassets */ = {isa = PBXFileReference; lastKnownFileType = folder.assetcatalog; path = Assets.xcassets; sourceTree = "<group>"; };
		6505DB9A2C20A0F50048CA79 /* Preview Assets.xcassets */ = {isa = PBXFileReference; lastKnownFileType = folder.assetcatalog; path = "Preview Assets.xcassets"; sourceTree = "<group>"; };
		653EA0972C21B02500E4E9B6 /* TabBar.swift */ = {isa = PBXFileReference; lastKnownFileType = sourcecode.swift; path = TabBar.swift; sourceTree = "<group>"; };
		653EA0992C21B10400E4E9B6 /* OrganizarView.swift */ = {isa = PBXFileReference; lastKnownFileType = sourcecode.swift; path = OrganizarView.swift; sourceTree = "<group>"; };
		653EA09B2C21B23100E4E9B6 /* CombinarView.swift */ = {isa = PBXFileReference; lastKnownFileType = sourcecode.swift; path = CombinarView.swift; sourceTree = "<group>"; };
		653EA09D2C21B27600E4E9B6 /* ApegoView.swift */ = {isa = PBXFileReference; lastKnownFileType = sourcecode.swift; path = ApegoView.swift; sourceTree = "<group>"; };
/* End PBXFileReference section */

/* Begin PBXFrameworksBuildPhase section */
		6505DB8B2C20A0F40048CA79 /* Frameworks */ = {
			isa = PBXFrameworksBuildPhase;
			buildActionMask = 2147483647;
			files = (
			);
			runOnlyForDeploymentPostprocessing = 0;
		};
/* End PBXFrameworksBuildPhase section */

/* Begin PBXGroup section */
		6505DB852C20A0F40048CA79 = {
			isa = PBXGroup;
			children = (
				6505DB902C20A0F40048CA79 /* Apego */,
				6505DB8F2C20A0F40048CA79 /* Products */,
			);
			sourceTree = "<group>";
		};
		6505DB8F2C20A0F40048CA79 /* Products */ = {
			isa = PBXGroup;
			children = (
				6505DB8E2C20A0F40048CA79 /* Apego.app */,
			);
			name = Products;
			sourceTree = "<group>";
		};
		6505DB902C20A0F40048CA79 /* Apego */ = {
			isa = PBXGroup;
			children = (
				653EA09F2C21BF9F00E4E9B6 /* feature */,
				6505DB912C20A0F40048CA79 /* ApegoApp.swift */,
				6505DB932C20A0F40048CA79 /* ContentView.swift */,
				6505DB952C20A0F40048CA79 /* Item.swift */,
				6505DB972C20A0F50048CA79 /* Assets.xcassets */,
				6505DB992C20A0F50048CA79 /* Preview Content */,
			);
			path = Apego;
			sourceTree = "<group>";
		};
		6505DB992C20A0F50048CA79 /* Preview Content */ = {
			isa = PBXGroup;
			children = (
				6505DB9A2C20A0F50048CA79 /* Preview Assets.xcassets */,
			);
			path = "Preview Content";
			sourceTree = "<group>";
		};
		653EA09F2C21BF9F00E4E9B6 /* feature */ = {
			isa = PBXGroup;
			children = (
				653EA0A82C21C3D200E4E9B6 /* TelaOrganizar */,
				653EA0A62C21C38F00E4E9B6 /* TelaCombinar */,
				653EA0A32C21C32500E4E9B6 /* TelaApego */,
				653EA0A02C21BFAE00E4E9B6 /* TabBar */,
			);
			path = feature;
			sourceTree = "<group>";
		};
		653EA0A02C21BFAE00E4E9B6 /* TabBar */ = {
			isa = PBXGroup;
			children = (
				653EA0972C21B02500E4E9B6 /* TabBar.swift */,
			);
			path = TabBar;
			sourceTree = "<group>";
		};
		653EA0A32C21C32500E4E9B6 /* TelaApego */ = {
			isa = PBXGroup;
			children = (
				653EA0A42C21C33400E4E9B6 /* View */,
			);
			path = TelaApego;
			sourceTree = "<group>";
		};
		653EA0A42C21C33400E4E9B6 /* View */ = {
			isa = PBXGroup;
			children = (
				653EA09D2C21B27600E4E9B6 /* ApegoView.swift */,
			);
			path = View;
			sourceTree = "<group>";
		};
		653EA0A62C21C38F00E4E9B6 /* TelaCombinar */ = {
			isa = PBXGroup;
			children = (
				653EA0A72C21C3C400E4E9B6 /* View */,
			);
			path = TelaCombinar;
			sourceTree = "<group>";
		};
		653EA0A72C21C3C400E4E9B6 /* View */ = {
			isa = PBXGroup;
			children = (
				653EA09B2C21B23100E4E9B6 /* CombinarView.swift */,
			);
			path = View;
			sourceTree = "<group>";
		};
		653EA0A82C21C3D200E4E9B6 /* TelaOrganizar */ = {
			isa = PBXGroup;
			children = (
				653EA0A92C21C3DC00E4E9B6 /* View */,
			);
			path = TelaOrganizar;
			sourceTree = "<group>";
		};
		653EA0A92C21C3DC00E4E9B6 /* View */ = {
			isa = PBXGroup;
			children = (
				653EA0992C21B10400E4E9B6 /* OrganizarView.swift */,
			);
			path = View;
			sourceTree = "<group>";
		};
/* End PBXGroup section */

/* Begin PBXNativeTarget section */
		6505DB8D2C20A0F40048CA79 /* Apego */ = {
			isa = PBXNativeTarget;
			buildConfigurationList = 6505DB9E2C20A0F50048CA79 /* Build configuration list for PBXNativeTarget "Apego" */;
			buildPhases = (
				6505DB8A2C20A0F40048CA79 /* Sources */,
				6505DB8B2C20A0F40048CA79 /* Frameworks */,
				6505DB8C2C20A0F40048CA79 /* Resources */,
			);
			buildRules = (
			);
			dependencies = (
			);
			name = Apego;
			productName = Apego;
			productReference = 6505DB8E2C20A0F40048CA79 /* Apego.app */;
			productType = "com.apple.product-type.application";
		};
/* End PBXNativeTarget section */

/* Begin PBXProject section */
		6505DB862C20A0F40048CA79 /* Project object */ = {
			isa = PBXProject;
			attributes = {
				BuildIndependentTargetsInParallel = 1;
				LastSwiftUpdateCheck = 1530;
				LastUpgradeCheck = 1530;
				TargetAttributes = {
					6505DB8D2C20A0F40048CA79 = {
						CreatedOnToolsVersion = 15.3;
					};
				};
			};
			buildConfigurationList = 6505DB892C20A0F40048CA79 /* Build configuration list for PBXProject "Apego" */;
			compatibilityVersion = "Xcode 14.0";
			developmentRegion = en;
			hasScannedForEncodings = 0;
			knownRegions = (
				en,
				Base,
			);
			mainGroup = 6505DB852C20A0F40048CA79;
			productRefGroup = 6505DB8F2C20A0F40048CA79 /* Products */;
			projectDirPath = "";
			projectRoot = "";
			targets = (
				6505DB8D2C20A0F40048CA79 /* Apego */,
			);
		};
/* End PBXProject section */

/* Begin PBXResourcesBuildPhase section */
		6505DB8C2C20A0F40048CA79 /* Resources */ = {
			isa = PBXResourcesBuildPhase;
			buildActionMask = 2147483647;
			files = (
				6505DB9B2C20A0F50048CA79 /* Preview Assets.xcassets in Resources */,
				6505DB982C20A0F50048CA79 /* Assets.xcassets in Resources */,
			);
			runOnlyForDeploymentPostprocessing = 0;
		};
/* End PBXResourcesBuildPhase section */

/* Begin PBXSourcesBuildPhase section */
		6505DB8A2C20A0F40048CA79 /* Sources */ = {
			isa = PBXSourcesBuildPhase;
			buildActionMask = 2147483647;
			files = (
				6505DB942C20A0F40048CA79 /* ContentView.swift in Sources */,
				6505DB962C20A0F40048CA79 /* Item.swift in Sources */,
				653EA09A2C21B10400E4E9B6 /* OrganizarView.swift in Sources */,
				653EA09C2C21B23100E4E9B6 /* CombinarView.swift in Sources */,
				6505DB922C20A0F40048CA79 /* ApegoApp.swift in Sources */,
				653EA0982C21B02500E4E9B6 /* TabBar.swift in Sources */,
				653EA09E2C21B27600E4E9B6 /* ApegoView.swift in Sources */,
			);
			runOnlyForDeploymentPostprocessing = 0;
		};
/* End PBXSourcesBuildPhase section */

/* Begin XCBuildConfiguration section */
		6505DB9C2C20A0F50048CA79 /* Debug */ = {
			isa = XCBuildConfiguration;
			buildSettings = {
				ALWAYS_SEARCH_USER_PATHS = NO;
				ASSETCATALOG_COMPILER_GENERATE_SWIFT_ASSET_SYMBOL_EXTENSIONS = YES;
				CLANG_ANALYZER_NONNULL = YES;
				CLANG_ANALYZER_NUMBER_OBJECT_CONVERSION = YES_AGGRESSIVE;
				CLANG_CXX_LANGUAGE_STANDARD = "gnu++20";
				CLANG_ENABLE_MODULES = YES;
				CLANG_ENABLE_OBJC_ARC = YES;
				CLANG_ENABLE_OBJC_WEAK = YES;
				CLANG_WARN_BLOCK_CAPTURE_AUTORELEASING = YES;
				CLANG_WARN_BOOL_CONVERSION = YES;
				CLANG_WARN_COMMA = YES;
				CLANG_WARN_CONSTANT_CONVERSION = YES;
				CLANG_WARN_DEPRECATED_OBJC_IMPLEMENTATIONS = YES;
				CLANG_WARN_DIRECT_OBJC_ISA_USAGE = YES_ERROR;
				CLANG_WARN_DOCUMENTATION_COMMENTS = YES;
				CLANG_WARN_EMPTY_BODY = YES;
				CLANG_WARN_ENUM_CONVERSION = YES;
				CLANG_WARN_INFINITE_RECURSION = YES;
				CLANG_WARN_INT_CONVERSION = YES;
				CLANG_WARN_NON_LITERAL_NULL_CONVERSION = YES;
				CLANG_WARN_OBJC_IMPLICIT_RETAIN_SELF = YES;
				CLANG_WARN_OBJC_LITERAL_CONVERSION = YES;
				CLANG_WARN_OBJC_ROOT_CLASS = YES_ERROR;
				CLANG_WARN_QUOTED_INCLUDE_IN_FRAMEWORK_HEADER = YES;
				CLANG_WARN_RANGE_LOOP_ANALYSIS = YES;
				CLANG_WARN_STRICT_PROTOTYPES = YES;
				CLANG_WARN_SUSPICIOUS_MOVE = YES;
				CLANG_WARN_UNGUARDED_AVAILABILITY = YES_AGGRESSIVE;
				CLANG_WARN_UNREACHABLE_CODE = YES;
				CLANG_WARN__DUPLICATE_METHOD_MATCH = YES;
				COPY_PHASE_STRIP = NO;
				DEBUG_INFORMATION_FORMAT = dwarf;
				ENABLE_STRICT_OBJC_MSGSEND = YES;
				ENABLE_TESTABILITY = YES;
				ENABLE_USER_SCRIPT_SANDBOXING = YES;
				GCC_C_LANGUAGE_STANDARD = gnu17;
				GCC_DYNAMIC_NO_PIC = NO;
				GCC_NO_COMMON_BLOCKS = YES;
				GCC_OPTIMIZATION_LEVEL = 0;
				GCC_PREPROCESSOR_DEFINITIONS = (
					"DEBUG=1",
					"$(inherited)",
				);
				GCC_WARN_64_TO_32_BIT_CONVERSION = YES;
				GCC_WARN_ABOUT_RETURN_TYPE = YES_ERROR;
				GCC_WARN_UNDECLARED_SELECTOR = YES;
				GCC_WARN_UNINITIALIZED_AUTOS = YES_AGGRESSIVE;
				GCC_WARN_UNUSED_FUNCTION = YES;
				GCC_WARN_UNUSED_VARIABLE = YES;
				IPHONEOS_DEPLOYMENT_TARGET = 17.4;
				LOCALIZATION_PREFERS_STRING_CATALOGS = YES;
				MTL_ENABLE_DEBUG_INFO = INCLUDE_SOURCE;
				MTL_FAST_MATH = YES;
				ONLY_ACTIVE_ARCH = YES;
				SDKROOT = iphoneos;
				SWIFT_ACTIVE_COMPILATION_CONDITIONS = "DEBUG $(inherited)";
				SWIFT_OPTIMIZATION_LEVEL = "-Onone";
			};
			name = Debug;
		};
		6505DB9D2C20A0F50048CA79 /* Release */ = {
			isa = XCBuildConfiguration;
			buildSettings = {
				ALWAYS_SEARCH_USER_PATHS = NO;
				ASSETCATALOG_COMPILER_GENERATE_SWIFT_ASSET_SYMBOL_EXTENSIONS = YES;
				CLANG_ANALYZER_NONNULL = YES;
				CLANG_ANALYZER_NUMBER_OBJECT_CONVERSION = YES_AGGRESSIVE;
				CLANG_CXX_LANGUAGE_STANDARD = "gnu++20";
				CLANG_ENABLE_MODULES = YES;
				CLANG_ENABLE_OBJC_ARC = YES;
				CLANG_ENABLE_OBJC_WEAK = YES;
				CLANG_WARN_BLOCK_CAPTURE_AUTORELEASING = YES;
				CLANG_WARN_BOOL_CONVERSION = YES;
				CLANG_WARN_COMMA = YES;
				CLANG_WARN_CONSTANT_CONVERSION = YES;
				CLANG_WARN_DEPRECATED_OBJC_IMPLEMENTATIONS = YES;
				CLANG_WARN_DIRECT_OBJC_ISA_USAGE = YES_ERROR;
				CLANG_WARN_DOCUMENTATION_COMMENTS = YES;
				CLANG_WARN_EMPTY_BODY = YES;
				CLANG_WARN_ENUM_CONVERSION = YES;
				CLANG_WARN_INFINITE_RECURSION = YES;
				CLANG_WARN_INT_CONVERSION = YES;
				CLANG_WARN_NON_LITERAL_NULL_CONVERSION = YES;
				CLANG_WARN_OBJC_IMPLICIT_RETAIN_SELF = YES;
				CLANG_WARN_OBJC_LITERAL_CONVERSION = YES;
				CLANG_WARN_OBJC_ROOT_CLASS = YES_ERROR;
				CLANG_WARN_QUOTED_INCLUDE_IN_FRAMEWORK_HEADER = YES;
				CLANG_WARN_RANGE_LOOP_ANALYSIS = YES;
				CLANG_WARN_STRICT_PROTOTYPES = YES;
				CLANG_WARN_SUSPICIOUS_MOVE = YES;
				CLANG_WARN_UNGUARDED_AVAILABILITY = YES_AGGRESSIVE;
				CLANG_WARN_UNREACHABLE_CODE = YES;
				CLANG_WARN__DUPLICATE_METHOD_MATCH = YES;
				COPY_PHASE_STRIP = NO;
				DEBUG_INFORMATION_FORMAT = "dwarf-with-dsym";
				ENABLE_NS_ASSERTIONS = NO;
				ENABLE_STRICT_OBJC_MSGSEND = YES;
				ENABLE_USER_SCRIPT_SANDBOXING = YES;
				GCC_C_LANGUAGE_STANDARD = gnu17;
				GCC_NO_COMMON_BLOCKS = YES;
				GCC_WARN_64_TO_32_BIT_CONVERSION = YES;
				GCC_WARN_ABOUT_RETURN_TYPE = YES_ERROR;
				GCC_WARN_UNDECLARED_SELECTOR = YES;
				GCC_WARN_UNINITIALIZED_AUTOS = YES_AGGRESSIVE;
				GCC_WARN_UNUSED_FUNCTION = YES;
				GCC_WARN_UNUSED_VARIABLE = YES;
				IPHONEOS_DEPLOYMENT_TARGET = 17.4;
				LOCALIZATION_PREFERS_STRING_CATALOGS = YES;
				MTL_ENABLE_DEBUG_INFO = NO;
				MTL_FAST_MATH = YES;
				SDKROOT = iphoneos;
				SWIFT_COMPILATION_MODE = wholemodule;
				VALIDATE_PRODUCT = YES;
			};
			name = Release;
		};
		6505DB9F2C20A0F50048CA79 /* Debug */ = {
			isa = XCBuildConfiguration;
			buildSettings = {
				ASSETCATALOG_COMPILER_APPICON_NAME = AppIcon;
				ASSETCATALOG_COMPILER_GLOBAL_ACCENT_COLOR_NAME = AccentColor;
				CODE_SIGN_STYLE = Automatic;
				CURRENT_PROJECT_VERSION = 1;
				DEVELOPMENT_ASSET_PATHS = "\"Apego/Preview Content\"";
				DEVELOPMENT_TEAM = 55WBX8T52B;
				ENABLE_PREVIEWS = YES;
				GENERATE_INFOPLIST_FILE = YES;
				INFOPLIST_KEY_UIApplicationSceneManifest_Generation = YES;
				INFOPLIST_KEY_UIApplicationSupportsIndirectInputEvents = YES;
				INFOPLIST_KEY_UILaunchScreen_Generation = YES;
				INFOPLIST_KEY_UISupportedInterfaceOrientations_iPad = "UIInterfaceOrientationPortrait UIInterfaceOrientationPortraitUpsideDown UIInterfaceOrientationLandscapeLeft UIInterfaceOrientationLandscapeRight";
				INFOPLIST_KEY_UISupportedInterfaceOrientations_iPhone = "UIInterfaceOrientationPortrait UIInterfaceOrientationLandscapeLeft UIInterfaceOrientationLandscapeRight";
				LD_RUNPATH_SEARCH_PATHS = (
					"$(inherited)",
					"@executable_path/Frameworks",
				);
				MARKETING_VERSION = 1.0;
				PRODUCT_BUNDLE_IDENTIFIER = "dan-nobre-Dan-Nobre.Apego";
				PRODUCT_NAME = "$(TARGET_NAME)";
				SWIFT_EMIT_LOC_STRINGS = YES;
				SWIFT_VERSION = 5.0;
				TARGETED_DEVICE_FAMILY = "1,2";
			};
			name = Debug;
		};
		6505DBA02C20A0F50048CA79 /* Release */ = {
			isa = XCBuildConfiguration;
			buildSettings = {
				ASSETCATALOG_COMPILER_APPICON_NAME = AppIcon;
				ASSETCATALOG_COMPILER_GLOBAL_ACCENT_COLOR_NAME = AccentColor;
				CODE_SIGN_STYLE = Automatic;
				CURRENT_PROJECT_VERSION = 1;
				DEVELOPMENT_ASSET_PATHS = "\"Apego/Preview Content\"";
				DEVELOPMENT_TEAM = 55WBX8T52B;
				ENABLE_PREVIEWS = YES;
				GENERATE_INFOPLIST_FILE = YES;
				INFOPLIST_KEY_UIApplicationSceneManifest_Generation = YES;
				INFOPLIST_KEY_UIApplicationSupportsIndirectInputEvents = YES;
				INFOPLIST_KEY_UILaunchScreen_Generation = YES;
				INFOPLIST_KEY_UISupportedInterfaceOrientations_iPad = "UIInterfaceOrientationPortrait UIInterfaceOrientationPortraitUpsideDown UIInterfaceOrientationLandscapeLeft UIInterfaceOrientationLandscapeRight";
				INFOPLIST_KEY_UISupportedInterfaceOrientations_iPhone = "UIInterfaceOrientationPortrait UIInterfaceOrientationLandscapeLeft UIInterfaceOrientationLandscapeRight";
				LD_RUNPATH_SEARCH_PATHS = (
					"$(inherited)",
					"@executable_path/Frameworks",
				);
				MARKETING_VERSION = 1.0;
				PRODUCT_BUNDLE_IDENTIFIER = "dan-nobre-Dan-Nobre.Apego";
				PRODUCT_NAME = "$(TARGET_NAME)";
				SWIFT_EMIT_LOC_STRINGS = YES;
				SWIFT_VERSION = 5.0;
				TARGETED_DEVICE_FAMILY = "1,2";
			};
			name = Release;
		};
/* End XCBuildConfiguration section */

/* Begin XCConfigurationList section */
		6505DB892C20A0F40048CA79 /* Build configuration list for PBXProject "Apego" */ = {
			isa = XCConfigurationList;
			buildConfigurations = (
				6505DB9C2C20A0F50048CA79 /* Debug */,
				6505DB9D2C20A0F50048CA79 /* Release */,
			);
			defaultConfigurationIsVisible = 0;
			defaultConfigurationName = Release;
		};
		6505DB9E2C20A0F50048CA79 /* Build configuration list for PBXNativeTarget "Apego" */ = {
			isa = XCConfigurationList;
			buildConfigurations = (
				6505DB9F2C20A0F50048CA79 /* Debug */,
				6505DBA02C20A0F50048CA79 /* Release */,
			);
			defaultConfigurationIsVisible = 0;
			defaultConfigurationName = Release;
		};
/* End XCConfigurationList section */
	};
	rootObject = 6505DB862C20A0F40048CA79 /* Project object */;
}
