// !$*UTF8*$!
{
	archiveVersion = 1;
	classes = {
	};
	objectVersion = 56;
	objects = {

/* Begin PBXBuildFile section */
		4CBD2F6A2C29C46900459CAA /* ContentView.swift in Sources */ = {isa = PBXBuildFile; fileRef = 4CBD2F692C29C46800459CAA /* ContentView.swift */; };
		4CE212862C28AA210074BE42 /* SaveImageView.swift in Sources */ = {isa = PBXBuildFile; fileRef = 4CE212852C28AA210074BE42 /* SaveImageView.swift */; };
		4CE212892C28B22E0074BE42 /* ImageListView.swift in Sources */ = {isa = PBXBuildFile; fileRef = 4CE212882C28B22E0074BE42 /* ImageListView.swift */; };
		4CE2128B2C28B5890074BE42 /* ImagePickerModel.swift in Sources */ = {isa = PBXBuildFile; fileRef = 4CE2128A2C28B5890074BE42 /* ImagePickerModel.swift */; };
		4CE738662C27AF960092E692 /* PersistenceController.swift in Sources */ = {isa = PBXBuildFile; fileRef = 4CE738652C27AF960092E692 /* PersistenceController.swift */; };
		4CE738682C27B0790092E692 /* RoupaModelo.swift in Sources */ = {isa = PBXBuildFile; fileRef = 4CE738672C27B0790092E692 /* RoupaModelo.swift */; };
		6505DB922C20A0F40048CA79 /* ApegoApp.swift in Sources */ = {isa = PBXBuildFile; fileRef = 6505DB912C20A0F40048CA79 /* ApegoApp.swift */; };
		6505DB942C20A0F40048CA79 /* TextField.swift in Sources */ = {isa = PBXBuildFile; fileRef = 6505DB932C20A0F40048CA79 /* TextField.swift */; };
		6505DB962C20A0F40048CA79 /* Item.swift in Sources */ = {isa = PBXBuildFile; fileRef = 6505DB952C20A0F40048CA79 /* Item.swift */; };
		6505DB982C20A0F50048CA79 /* Assets.xcassets in Resources */ = {isa = PBXBuildFile; fileRef = 6505DB972C20A0F50048CA79 /* Assets.xcassets */; };
		6505DB9B2C20A0F50048CA79 /* Preview Assets.xcassets in Resources */ = {isa = PBXBuildFile; fileRef = 6505DB9A2C20A0F50048CA79 /* Preview Assets.xcassets */; };
		6505DBA72C20A2BB0048CA79 /* Util.swift in Sources */ = {isa = PBXBuildFile; fileRef = 6505DBA62C20A2BB0048CA79 /* Util.swift */; };
		6505DBAA2C20A2CD0048CA79 /* Models.swift in Sources */ = {isa = PBXBuildFile; fileRef = 6505DBA92C20A2CD0048CA79 /* Models.swift */; };
		650BDC052C246292005F1D56 /* CardAddPeca.swift in Sources */ = {isa = PBXBuildFile; fileRef = 650BDC042C246292005F1D56 /* CardAddPeca.swift */; };
		650BDC072C246A9D005F1D56 /* CardInfo.swift in Sources */ = {isa = PBXBuildFile; fileRef = 650BDC062C246A9D005F1D56 /* CardInfo.swift */; };
		650BDC0A2C247230005F1D56 /* BotaoContinuar.swift in Sources */ = {isa = PBXBuildFile; fileRef = 650BDC092C247230005F1D56 /* BotaoContinuar.swift */; };
		650BDC0C2C24CF34005F1D56 /* EditarPeca.swift in Sources */ = {isa = PBXBuildFile; fileRef = 650BDC0B2C24CF34005F1D56 /* EditarPeca.swift */; };
		651F979D2C22FF1C00B830E5 /* Estilos.swift in Sources */ = {isa = PBXBuildFile; fileRef = 651F979C2C22FF1C00B830E5 /* Estilos.swift */; };
		6521B11F2C2B02A600E2E3FE /* AdicionarView.swift in Sources */ = {isa = PBXBuildFile; fileRef = 6521B11E2C2B02A600E2E3FE /* AdicionarView.swift */; };
		6521B1212C2B08E900E2E3FE /* FinalizarView.swift in Sources */ = {isa = PBXBuildFile; fileRef = 6521B1202C2B08E900E2E3FE /* FinalizarView.swift */; };
		65312D1D2C21D51800E2684E /* TabBar.swift in Sources */ = {isa = PBXBuildFile; fileRef = 65312D1C2C21D51800E2684E /* TabBar.swift */; };
		65312D1F2C21D56400E2684E /* ApegoView.swift in Sources */ = {isa = PBXBuildFile; fileRef = 65312D1E2C21D56400E2684E /* ApegoView.swift */; };
		65312D212C21D57B00E2684E /* CombinarView.swift in Sources */ = {isa = PBXBuildFile; fileRef = 65312D202C21D57B00E2684E /* CombinarView.swift */; };
		655173542C2238CE002948AA /* Botoes.swift in Sources */ = {isa = PBXBuildFile; fileRef = 655173532C2238CE002948AA /* Botoes.swift */; };
		65600FAB2C25C1C4004557B6 /* MyDropDown.swift in Sources */ = {isa = PBXBuildFile; fileRef = 65600FAA2C25C1C4004557B6 /* MyDropDown.swift */; };
		656CBC002C25A7DD007C7AF7 /* CardRoupa.swift in Sources */ = {isa = PBXBuildFile; fileRef = 656CBBFF2C25A7DD007C7AF7 /* CardRoupa.swift */; };
		656CBC022C25B3F7007C7AF7 /* MyTab.swift in Sources */ = {isa = PBXBuildFile; fileRef = 656CBC012C25B3F7007C7AF7 /* MyTab.swift */; };
		656CBC042C25B596007C7AF7 /* EdicaoGeralPecas.swift in Sources */ = {isa = PBXBuildFile; fileRef = 656CBC032C25B596007C7AF7 /* EdicaoGeralPecas.swift */; };
		658835952C29B03E0095E0C2 /* ViewController.swift in Sources */ = {isa = PBXBuildFile; fileRef = 658835942C29B03E0095E0C2 /* ViewController.swift */; };
		65D0D10A2C28732A00BD74AC /* CombinacoesNaPeca.swift in Sources */ = {isa = PBXBuildFile; fileRef = 65D0D1092C28732A00BD74AC /* CombinacoesNaPeca.swift */; };
		65D0D10C2C28875500BD74AC /* SelectedImagesView.swift in Sources */ = {isa = PBXBuildFile; fileRef = 65D0D10B2C28875500BD74AC /* SelectedImagesView.swift */; };
		8C1298CD2C25B3F3005A1260 /* AdicionarPecasSheet.swift in Sources */ = {isa = PBXBuildFile; fileRef = 8C1298CC2C25B3F3005A1260 /* AdicionarPecasSheet.swift */; };
		8C1298CF2C25B5A1005A1260 /* Inicio.swift in Sources */ = {isa = PBXBuildFile; fileRef = 8C1298CE2C25B5A1005A1260 /* Inicio.swift */; };
		8C201D2C2C20BD97001D7636 /* TeladeInicioView.swift in Sources */ = {isa = PBXBuildFile; fileRef = 8C201D2B2C20BD97001D7636 /* TeladeInicioView.swift */; };
		8C20CD5C2C2DE5C300895246 /* SplashScreenView.swift in Sources */ = {isa = PBXBuildFile; fileRef = 8C20CD5B2C2DE5C300895246 /* SplashScreenView.swift */; };
		8C20CD5F2C2DEFE600895246 /* simple-keyframe-animations in Frameworks */ = {isa = PBXBuildFile; productRef = 8C20CD5E2C2DEFE600895246 /* simple-keyframe-animations */; };
		8C31F9282C23B4130007FD86 /* Cores.mlmodel in Sources */ = {isa = PBXBuildFile; fileRef = 8C31F9272C23B4130007FD86 /* Cores.mlmodel */; };
		8C72EB592C2AE35600307987 /* EffectsPipeline.swift in Sources */ = {isa = PBXBuildFile; fileRef = 8C72EB582C2AE35600307987 /* EffectsPipeline.swift */; };
		8C72EB5B2C2AE4DB00307987 /* RemoverFundo.swift in Sources */ = {isa = PBXBuildFile; fileRef = 8C72EB5A2C2AE4DB00307987 /* RemoverFundo.swift */; };
		8C72EB5F2C2B047C00307987 /* VielModelCam.swift in Sources */ = {isa = PBXBuildFile; fileRef = 8C72EB5E2C2B047C00307987 /* VielModelCam.swift */; };
		8C72EB612C2B2DE400307987 /* CamPreview.swift in Sources */ = {isa = PBXBuildFile; fileRef = 8C72EB602C2B2DE400307987 /* CamPreview.swift */; };
		8C72EB642C2B56AD00307987 /* Tip.swift in Sources */ = {isa = PBXBuildFile; fileRef = 8C72EB632C2B56AD00307987 /* Tip.swift */; };
		8C72EB662C2B56CA00307987 /* TipView.swift in Sources */ = {isa = PBXBuildFile; fileRef = 8C72EB652C2B56CA00307987 /* TipView.swift */; };
		8C79F2762C20AB7B00E915BB /* .swiftlint.yml in Resources */ = {isa = PBXBuildFile; fileRef = 8C79F2752C20AB7B00E915BB /* .swiftlint.yml */; };
		8CE8D1082C2A31CF0011BA83 /* OrganizarViewTela.swift in Sources */ = {isa = PBXBuildFile; fileRef = 8CE8D1072C2A31CF0011BA83 /* OrganizarViewTela.swift */; };
		8CE8D10A2C2A363C0011BA83 /* ModelFilter.swift in Sources */ = {isa = PBXBuildFile; fileRef = 8CE8D1092C2A363C0011BA83 /* ModelFilter.swift */; };
		8CE8D10C2C2A38760011BA83 /* filterModel.swift in Sources */ = {isa = PBXBuildFile; fileRef = 8CE8D10B2C2A38760011BA83 /* filterModel.swift */; };
		8CFBA3E62C22049F0001E7D9 /* AddPhoto.swift in Sources */ = {isa = PBXBuildFile; fileRef = 8CFBA3E52C22049F0001E7D9 /* AddPhoto.swift */; };
		8CFBA3E92C2204F10001E7D9 /* ViewModel.swift in Sources */ = {isa = PBXBuildFile; fileRef = 8CFBA3E82C2204F10001E7D9 /* ViewModel.swift */; };
		8CFBA3EB2C220BFB0001E7D9 /* RemoveBackground.swift in Sources */ = {isa = PBXBuildFile; fileRef = 8CFBA3EA2C220BFB0001E7D9 /* RemoveBackground.swift */; };
		8CFBA3F92C234B000001E7D9 /* MyImageClassifierCP.mlmodel in Sources */ = {isa = PBXBuildFile; fileRef = 8CFBA3F82C234B000001E7D9 /* MyImageClassifierCP.mlmodel */; };
/* End PBXBuildFile section */

/* Begin PBXFileReference section */
		4CBD2F692C29C46800459CAA /* ContentView.swift */ = {isa = PBXFileReference; fileEncoding = 4; lastKnownFileType = sourcecode.swift; path = ContentView.swift; sourceTree = "<group>"; };
		4CE212852C28AA210074BE42 /* SaveImageView.swift */ = {isa = PBXFileReference; lastKnownFileType = sourcecode.swift; path = SaveImageView.swift; sourceTree = "<group>"; };
		4CE212882C28B22E0074BE42 /* ImageListView.swift */ = {isa = PBXFileReference; lastKnownFileType = sourcecode.swift; path = ImageListView.swift; sourceTree = "<group>"; };
		4CE2128A2C28B5890074BE42 /* ImagePickerModel.swift */ = {isa = PBXFileReference; lastKnownFileType = sourcecode.swift; path = ImagePickerModel.swift; sourceTree = "<group>"; };
		4CE738652C27AF960092E692 /* PersistenceController.swift */ = {isa = PBXFileReference; lastKnownFileType = sourcecode.swift; path = PersistenceController.swift; sourceTree = "<group>"; };
		4CE738672C27B0790092E692 /* RoupaModelo.swift */ = {isa = PBXFileReference; lastKnownFileType = sourcecode.swift; path = RoupaModelo.swift; sourceTree = "<group>"; };
		6505DB8E2C20A0F40048CA79 /* Apego.app */ = {isa = PBXFileReference; explicitFileType = wrapper.application; includeInIndex = 0; path = Apego.app; sourceTree = BUILT_PRODUCTS_DIR; };
		6505DB912C20A0F40048CA79 /* ApegoApp.swift */ = {isa = PBXFileReference; lastKnownFileType = sourcecode.swift; path = ApegoApp.swift; sourceTree = "<group>"; };
		6505DB932C20A0F40048CA79 /* TextField.swift */ = {isa = PBXFileReference; lastKnownFileType = sourcecode.swift; path = TextField.swift; sourceTree = "<group>"; };
		6505DB952C20A0F40048CA79 /* Item.swift */ = {isa = PBXFileReference; lastKnownFileType = sourcecode.swift; path = Item.swift; sourceTree = "<group>"; };
		6505DB972C20A0F50048CA79 /* Assets.xcassets */ = {isa = PBXFileReference; lastKnownFileType = folder.assetcatalog; path = Assets.xcassets; sourceTree = "<group>"; };
		6505DB9A2C20A0F50048CA79 /* Preview Assets.xcassets */ = {isa = PBXFileReference; lastKnownFileType = folder.assetcatalog; path = "Preview Assets.xcassets"; sourceTree = "<group>"; };
		6505DBA62C20A2BB0048CA79 /* Util.swift */ = {isa = PBXFileReference; lastKnownFileType = sourcecode.swift; path = Util.swift; sourceTree = "<group>"; };
		6505DBA92C20A2CD0048CA79 /* Models.swift */ = {isa = PBXFileReference; lastKnownFileType = sourcecode.swift; path = Models.swift; sourceTree = "<group>"; };
		650BDC042C246292005F1D56 /* CardAddPeca.swift */ = {isa = PBXFileReference; lastKnownFileType = sourcecode.swift; path = CardAddPeca.swift; sourceTree = "<group>"; };
		650BDC062C246A9D005F1D56 /* CardInfo.swift */ = {isa = PBXFileReference; lastKnownFileType = sourcecode.swift; path = CardInfo.swift; sourceTree = "<group>"; };
		650BDC092C247230005F1D56 /* BotaoContinuar.swift */ = {isa = PBXFileReference; lastKnownFileType = sourcecode.swift; path = BotaoContinuar.swift; sourceTree = "<group>"; };
		650BDC0B2C24CF34005F1D56 /* EditarPeca.swift */ = {isa = PBXFileReference; lastKnownFileType = sourcecode.swift; path = EditarPeca.swift; sourceTree = "<group>"; };
		651F979C2C22FF1C00B830E5 /* Estilos.swift */ = {isa = PBXFileReference; lastKnownFileType = sourcecode.swift; path = Estilos.swift; sourceTree = "<group>"; };
		6521B11E2C2B02A600E2E3FE /* AdicionarView.swift */ = {isa = PBXFileReference; lastKnownFileType = sourcecode.swift; path = AdicionarView.swift; sourceTree = "<group>"; };
		6521B1202C2B08E900E2E3FE /* FinalizarView.swift */ = {isa = PBXFileReference; lastKnownFileType = sourcecode.swift; path = FinalizarView.swift; sourceTree = "<group>"; };
		65312D1C2C21D51800E2684E /* TabBar.swift */ = {isa = PBXFileReference; lastKnownFileType = sourcecode.swift; path = TabBar.swift; sourceTree = "<group>"; };
		65312D1E2C21D56400E2684E /* ApegoView.swift */ = {isa = PBXFileReference; lastKnownFileType = sourcecode.swift; path = ApegoView.swift; sourceTree = "<group>"; };
		65312D202C21D57B00E2684E /* CombinarView.swift */ = {isa = PBXFileReference; lastKnownFileType = sourcecode.swift; path = CombinarView.swift; sourceTree = "<group>"; };
		655173532C2238CE002948AA /* Botoes.swift */ = {isa = PBXFileReference; lastKnownFileType = sourcecode.swift; path = Botoes.swift; sourceTree = "<group>"; };
		65600FAA2C25C1C4004557B6 /* MyDropDown.swift */ = {isa = PBXFileReference; lastKnownFileType = sourcecode.swift; path = MyDropDown.swift; sourceTree = "<group>"; };
		656CBBFF2C25A7DD007C7AF7 /* CardRoupa.swift */ = {isa = PBXFileReference; lastKnownFileType = sourcecode.swift; path = CardRoupa.swift; sourceTree = "<group>"; };
		656CBC012C25B3F7007C7AF7 /* MyTab.swift */ = {isa = PBXFileReference; lastKnownFileType = sourcecode.swift; path = MyTab.swift; sourceTree = "<group>"; };
		656CBC032C25B596007C7AF7 /* EdicaoGeralPecas.swift */ = {isa = PBXFileReference; lastKnownFileType = sourcecode.swift; path = EdicaoGeralPecas.swift; sourceTree = "<group>"; };
		658835942C29B03E0095E0C2 /* ViewController.swift */ = {isa = PBXFileReference; lastKnownFileType = sourcecode.swift; path = ViewController.swift; sourceTree = "<group>"; };
		65D0D1092C28732A00BD74AC /* CombinacoesNaPeca.swift */ = {isa = PBXFileReference; lastKnownFileType = sourcecode.swift; path = CombinacoesNaPeca.swift; sourceTree = "<group>"; };
		65D0D10B2C28875500BD74AC /* SelectedImagesView.swift */ = {isa = PBXFileReference; lastKnownFileType = sourcecode.swift; path = SelectedImagesView.swift; sourceTree = "<group>"; };
		8C1298CC2C25B3F3005A1260 /* AdicionarPecasSheet.swift */ = {isa = PBXFileReference; lastKnownFileType = sourcecode.swift; path = AdicionarPecasSheet.swift; sourceTree = "<group>"; };
		8C1298CE2C25B5A1005A1260 /* Inicio.swift */ = {isa = PBXFileReference; lastKnownFileType = sourcecode.swift; path = Inicio.swift; sourceTree = "<group>"; };
		8C201D2B2C20BD97001D7636 /* TeladeInicioView.swift */ = {isa = PBXFileReference; lastKnownFileType = sourcecode.swift; path = TeladeInicioView.swift; sourceTree = "<group>"; };
		8C20CD5B2C2DE5C300895246 /* SplashScreenView.swift */ = {isa = PBXFileReference; lastKnownFileType = sourcecode.swift; path = SplashScreenView.swift; sourceTree = "<group>"; };
		8C31F9272C23B4130007FD86 /* Cores.mlmodel */ = {isa = PBXFileReference; lastKnownFileType = file.mlmodel; path = Cores.mlmodel; sourceTree = "<group>"; };
		8C72EB582C2AE35600307987 /* EffectsPipeline.swift */ = {isa = PBXFileReference; lastKnownFileType = sourcecode.swift; path = EffectsPipeline.swift; sourceTree = "<group>"; };
		8C72EB5A2C2AE4DB00307987 /* RemoverFundo.swift */ = {isa = PBXFileReference; lastKnownFileType = sourcecode.swift; path = RemoverFundo.swift; sourceTree = "<group>"; };
		8C72EB5E2C2B047C00307987 /* VielModelCam.swift */ = {isa = PBXFileReference; lastKnownFileType = sourcecode.swift; path = VielModelCam.swift; sourceTree = "<group>"; };
		8C72EB602C2B2DE400307987 /* CamPreview.swift */ = {isa = PBXFileReference; lastKnownFileType = sourcecode.swift; path = CamPreview.swift; sourceTree = "<group>"; };
		8C72EB632C2B56AD00307987 /* Tip.swift */ = {isa = PBXFileReference; lastKnownFileType = sourcecode.swift; path = Tip.swift; sourceTree = "<group>"; };
		8C72EB652C2B56CA00307987 /* TipView.swift */ = {isa = PBXFileReference; lastKnownFileType = sourcecode.swift; path = TipView.swift; sourceTree = "<group>"; };
		8C79F2752C20AB7B00E915BB /* .swiftlint.yml */ = {isa = PBXFileReference; lastKnownFileType = text.yaml; path = .swiftlint.yml; sourceTree = SOURCE_ROOT; };
		8CE8D1072C2A31CF0011BA83 /* OrganizarViewTela.swift */ = {isa = PBXFileReference; lastKnownFileType = sourcecode.swift; path = OrganizarViewTela.swift; sourceTree = "<group>"; };
		8CE8D1092C2A363C0011BA83 /* ModelFilter.swift */ = {isa = PBXFileReference; lastKnownFileType = sourcecode.swift; path = ModelFilter.swift; sourceTree = "<group>"; };
		8CE8D10B2C2A38760011BA83 /* filterModel.swift */ = {isa = PBXFileReference; lastKnownFileType = sourcecode.swift; path = filterModel.swift; sourceTree = "<group>"; };
		8CFBA3E52C22049F0001E7D9 /* AddPhoto.swift */ = {isa = PBXFileReference; lastKnownFileType = sourcecode.swift; path = AddPhoto.swift; sourceTree = "<group>"; };
		8CFBA3E82C2204F10001E7D9 /* ViewModel.swift */ = {isa = PBXFileReference; lastKnownFileType = sourcecode.swift; path = ViewModel.swift; sourceTree = "<group>"; };
		8CFBA3EA2C220BFB0001E7D9 /* RemoveBackground.swift */ = {isa = PBXFileReference; lastKnownFileType = sourcecode.swift; path = RemoveBackground.swift; sourceTree = "<group>"; };
		8CFBA3F82C234B000001E7D9 /* MyImageClassifierCP.mlmodel */ = {isa = PBXFileReference; lastKnownFileType = file.mlmodel; path = MyImageClassifierCP.mlmodel; sourceTree = "<group>"; };
/* End PBXFileReference section */

/* Begin PBXFrameworksBuildPhase section */
		6505DB8B2C20A0F40048CA79 /* Frameworks */ = {
			isa = PBXFrameworksBuildPhase;
			buildActionMask = 2147483647;
			files = (
				8C20CD5F2C2DEFE600895246 /* simple-keyframe-animations in Frameworks */,
			);
			runOnlyForDeploymentPostprocessing = 0;
		};
/* End PBXFrameworksBuildPhase section */

/* Begin PBXGroup section */
		4CE212842C28A9F60074BE42 /* TestViewsFunc */ = {
			isa = PBXGroup;
			children = (
				4CE212852C28AA210074BE42 /* SaveImageView.swift */,
			);
			path = TestViewsFunc;
			sourceTree = "<group>";
		};
		4CE212872C28B20B0074BE42 /* ShowImage */ = {
			isa = PBXGroup;
			children = (
				4CE212882C28B22E0074BE42 /* ImageListView.swift */,
			);
			path = ShowImage;
			sourceTree = "<group>";
		};
		6505DB852C20A0F40048CA79 = {
			isa = PBXGroup;
			children = (
				8C1298CE2C25B5A1005A1260 /* Inicio.swift */,
				8C20CD5B2C2DE5C300895246 /* SplashScreenView.swift */,
				8CFBA3F82C234B000001E7D9 /* MyImageClassifierCP.mlmodel */,
				8C31F9272C23B4130007FD86 /* Cores.mlmodel */,
				8CFBA3EA2C220BFB0001E7D9 /* RemoveBackground.swift */,
				6505DB902C20A0F40048CA79 /* Apego */,
				8C79F2752C20AB7B00E915BB /* .swiftlint.yml */,
				6505DB8F2C20A0F40048CA79 /* Products */,
			);
			sourceTree = "<group>";
		};
		6505DB8F2C20A0F40048CA79 /* Products */ = {
			isa = PBXGroup;
			children = (
				6505DB8E2C20A0F40048CA79 /* Apego.app */,
			);
			name = Products;
			sourceTree = "<group>";
		};
		6505DB902C20A0F40048CA79 /* Apego */ = {
			isa = PBXGroup;
			children = (
				8C79F2832C20AE2200E915BB /* Features */,
				6505DBA82C20A2C20048CA79 /* Models */,
				6505DBA32C20A2810048CA79 /* Resources */,
				6505DBA22C20A2390048CA79 /* App */,
				6505DBA12C20A22C0048CA79 /* Utils */,
				6505DB932C20A0F40048CA79 /* TextField.swift */,
				6505DB952C20A0F40048CA79 /* Item.swift */,
				4CBD2F692C29C46800459CAA /* ContentView.swift */,
				6505DB992C20A0F50048CA79 /* Preview Content */,
			);
			path = Apego;
			sourceTree = "<group>";
		};
		6505DB992C20A0F50048CA79 /* Preview Content */ = {
			isa = PBXGroup;
			children = (
				6505DB9A2C20A0F50048CA79 /* Preview Assets.xcassets */,
			);
			path = "Preview Content";
			sourceTree = "<group>";
		};
		6505DBA12C20A22C0048CA79 /* Utils */ = {
			isa = PBXGroup;
			children = (
				6505DBA52C20A2A20048CA79 /* Tokens */,
				6505DBA62C20A2BB0048CA79 /* Util.swift */,
			);
			path = Utils;
			sourceTree = "<group>";
		};
		6505DBA22C20A2390048CA79 /* App */ = {
			isa = PBXGroup;
			children = (
				6505DB912C20A0F40048CA79 /* ApegoApp.swift */,
			);
			path = App;
			sourceTree = "<group>";
		};
		6505DBA32C20A2810048CA79 /* Resources */ = {
			isa = PBXGroup;
			children = (
				6505DB972C20A0F50048CA79 /* Assets.xcassets */,
				651F979C2C22FF1C00B830E5 /* Estilos.swift */,
			);
			path = Resources;
			sourceTree = "<group>";
		};
		6505DBA52C20A2A20048CA79 /* Tokens */ = {
			isa = PBXGroup;
			children = (
			);
			path = Tokens;
			sourceTree = "<group>";
		};
		6505DBA82C20A2C20048CA79 /* Models */ = {
			isa = PBXGroup;
			children = (
				8C72EB5D2C2B03EF00307987 /* Models */,
				8C72EB5C2C2B03E400307987 /* ViewModels */,
				6505DBA92C20A2CD0048CA79 /* Models.swift */,
				4CE738652C27AF960092E692 /* PersistenceController.swift */,
				4CE738672C27B0790092E692 /* RoupaModelo.swift */,
			);
			path = Models;
			sourceTree = "<group>";
		};
		650BDC002C2461FA005F1D56 /* ViewsOrganizar */ = {
			isa = PBXGroup;
			children = (
				650BDC032C246274005F1D56 /* Componentes */,
				6521B11E2C2B02A600E2E3FE /* AdicionarView.swift */,
				8C1298CC2C25B3F3005A1260 /* AdicionarPecasSheet.swift */,
				650BDC0B2C24CF34005F1D56 /* EditarPeca.swift */,
				656CBC032C25B596007C7AF7 /* EdicaoGeralPecas.swift */,
				65D0D1092C28732A00BD74AC /* CombinacoesNaPeca.swift */,
				6521B1202C2B08E900E2E3FE /* FinalizarView.swift */,
			);
			path = ViewsOrganizar;
			sourceTree = "<group>";
		};
		650BDC032C246274005F1D56 /* Componentes */ = {
			isa = PBXGroup;
			children = (
				650BDC042C246292005F1D56 /* CardAddPeca.swift */,
				650BDC062C246A9D005F1D56 /* CardInfo.swift */,
				650BDC092C247230005F1D56 /* BotaoContinuar.swift */,
				656CBBFF2C25A7DD007C7AF7 /* CardRoupa.swift */,
				656CBC012C25B3F7007C7AF7 /* MyTab.swift */,
				8C72EB602C2B2DE400307987 /* CamPreview.swift */,
				65600FAA2C25C1C4004557B6 /* MyDropDown.swift */,
				658835942C29B03E0095E0C2 /* ViewController.swift */,
			);
			path = Componentes;
			sourceTree = "<group>";
		};
		65312D1B2C21D50100E2684E /* TabBar */ = {
			isa = PBXGroup;
			children = (
				65312D1C2C21D51800E2684E /* TabBar.swift */,
				65312D1E2C21D56400E2684E /* ApegoView.swift */,
				65312D202C21D57B00E2684E /* CombinarView.swift */,
			);
			path = TabBar;
			sourceTree = "<group>";
		};
		8C72EB552C2AE30900307987 /* RemoveBackground */ = {
			isa = PBXGroup;
			children = (
				8C72EB582C2AE35600307987 /* EffectsPipeline.swift */,
				8C72EB5A2C2AE4DB00307987 /* RemoverFundo.swift */,
			);
			path = RemoveBackground;
			sourceTree = "<group>";
		};
		8C72EB5C2C2B03E400307987 /* ViewModels */ = {
			isa = PBXGroup;
			children = (
			);
			path = ViewModels;
			sourceTree = "<group>";
		};
		8C72EB5D2C2B03EF00307987 /* Models */ = {
			isa = PBXGroup;
			children = (
			);
			path = Models;
			sourceTree = "<group>";
		};
		8C72EB622C2B569300307987 /* TipDicas */ = {
			isa = PBXGroup;
			children = (
				8C72EB632C2B56AD00307987 /* Tip.swift */,
				8C72EB652C2B56CA00307987 /* TipView.swift */,
			);
			path = TipDicas;
			sourceTree = "<group>";
		};
		8C79F2832C20AE2200E915BB /* Features */ = {
			isa = PBXGroup;
			children = (
				8C72EB552C2AE30900307987 /* RemoveBackground */,
				8CE8D1002C2A31440011BA83 /* ViewOrganizar */,
				8CE8D0F32C2A0FC10011BA83 /* Model */,
				4CE212872C28B20B0074BE42 /* ShowImage */,
				4CE212842C28A9F60074BE42 /* TestViewsFunc */,
				650BDC002C2461FA005F1D56 /* ViewsOrganizar */,
				8CFBA3E42C2204830001E7D9 /* AddPhoto */,
				65312D1B2C21D50100E2684E /* TabBar */,
				8C79F28A2C20AECD00E915BB /* TeladeInicio */,
				4CE2128A2C28B5890074BE42 /* ImagePickerModel.swift */,
			);
			path = Features;
			sourceTree = "<group>";
		};
		8C79F2862C20AE9200E915BB /* View */ = {
			isa = PBXGroup;
			children = (
				8C201D2B2C20BD97001D7636 /* TeladeInicioView.swift */,
			);
			path = View;
			sourceTree = "<group>";
		};
		8C79F2872C20AE9D00E915BB /* ViewModel */ = {
			isa = PBXGroup;
			children = (
				8C72EB5E2C2B047C00307987 /* VielModelCam.swift */,
			);
			path = ViewModel;
			sourceTree = "<group>";
		};
		8C79F2882C20AEA900E915BB /* Model */ = {
			isa = PBXGroup;
			children = (
			);
			path = Model;
			sourceTree = "<group>";
		};
		8C79F2892C20AEBD00E915BB /* Componentes */ = {
			isa = PBXGroup;
			children = (
				655173532C2238CE002948AA /* Botoes.swift */,
				65D0D10B2C28875500BD74AC /* SelectedImagesView.swift */,
			);
			path = Componentes;
			sourceTree = "<group>";
		};
		8C79F28A2C20AECD00E915BB /* TeladeInicio */ = {
			isa = PBXGroup;
			children = (
				8C79F2862C20AE9200E915BB /* View */,
				8C79F2872C20AE9D00E915BB /* ViewModel */,
				8C79F2882C20AEA900E915BB /* Model */,
				8C79F2892C20AEBD00E915BB /* Componentes */,
			);
			path = TeladeInicio;
			sourceTree = "<group>";
		};
		8CE8D0F32C2A0FC10011BA83 /* Model */ = {
			isa = PBXGroup;
			children = (
			);
			path = Model;
			sourceTree = "<group>";
		};
		8CE8D1002C2A31440011BA83 /* ViewOrganizar */ = {
			isa = PBXGroup;
			children = (
				8CE8D1062C2A31B80011BA83 /* Componentes */,
				8CE8D1052C2A31AF0011BA83 /* ViewModel */,
				8CE8D1022C2A31860011BA83 /* Model */,
				8CE8D1012C2A31810011BA83 /* View */,
			);
			path = ViewOrganizar;
			sourceTree = "<group>";
		};
		8CE8D1012C2A31810011BA83 /* View */ = {
			isa = PBXGroup;
			children = (
				8CE8D1072C2A31CF0011BA83 /* OrganizarViewTela.swift */,
				8C72EB622C2B569300307987 /* TipDicas */,
			);
			path = View;
			sourceTree = "<group>";
		};
		8CE8D1022C2A31860011BA83 /* Model */ = {
			isa = PBXGroup;
			children = (
				8CE8D1092C2A363C0011BA83 /* ModelFilter.swift */,
				8CE8D10B2C2A38760011BA83 /* filterModel.swift */,
			);
			path = Model;
			sourceTree = "<group>";
		};
		8CE8D1052C2A31AF0011BA83 /* ViewModel */ = {
			isa = PBXGroup;
			children = (
			);
			path = ViewModel;
			sourceTree = "<group>";
		};
		8CE8D1062C2A31B80011BA83 /* Componentes */ = {
			isa = PBXGroup;
			children = (
			);
			path = Componentes;
			sourceTree = "<group>";
		};
		8CFBA3E42C2204830001E7D9 /* AddPhoto */ = {
			isa = PBXGroup;
			children = (
				8CFBA3E72C2204E20001E7D9 /* View */,
				8CFBA3E52C22049F0001E7D9 /* AddPhoto.swift */,
				8CFBA3E82C2204F10001E7D9 /* ViewModel.swift */,
			);
			path = AddPhoto;
			sourceTree = "<group>";
		};
		8CFBA3E72C2204E20001E7D9 /* View */ = {
			isa = PBXGroup;
			children = (
			);
			path = View;
			sourceTree = "<group>";
		};
/* End PBXGroup section */

/* Begin PBXNativeTarget section */
		6505DB8D2C20A0F40048CA79 /* Apego */ = {
			isa = PBXNativeTarget;
			buildConfigurationList = 6505DB9E2C20A0F50048CA79 /* Build configuration list for PBXNativeTarget "Apego" */;
			buildPhases = (
				6505DB8A2C20A0F40048CA79 /* Sources */,
				6505DB8B2C20A0F40048CA79 /* Frameworks */,
				6505DB8C2C20A0F40048CA79 /* Resources */,
				8C79F28B2C20B03500E915BB /* ShellScript */,
			);
			buildRules = (
			);
			dependencies = (
			);
			name = Apego;
			packageProductDependencies = (
				8C20CD5E2C2DEFE600895246 /* simple-keyframe-animations */,
			);
			productName = Apego;
			productReference = 6505DB8E2C20A0F40048CA79 /* Apego.app */;
			productType = "com.apple.product-type.application";
		};
/* End PBXNativeTarget section */

/* Begin PBXProject section */
		6505DB862C20A0F40048CA79 /* Project object */ = {
			isa = PBXProject;
			attributes = {
				BuildIndependentTargetsInParallel = 1;
				LastSwiftUpdateCheck = 1530;
				LastUpgradeCheck = 1530;
				TargetAttributes = {
					6505DB8D2C20A0F40048CA79 = {
						CreatedOnToolsVersion = 15.3;
					};
				};
			};
			buildConfigurationList = 6505DB892C20A0F40048CA79 /* Build configuration list for PBXProject "Apego" */;
			compatibilityVersion = "Xcode 14.0";
			developmentRegion = en;
			hasScannedForEncodings = 0;
			knownRegions = (
				en,
				Base,
			);
			mainGroup = 6505DB852C20A0F40048CA79;
			packageReferences = (
				8C20CD5D2C2DEFE600895246 /* XCRemoteSwiftPackageReference "simple-keyframe-animations" */,
			);
			productRefGroup = 6505DB8F2C20A0F40048CA79 /* Products */;
			projectDirPath = "";
			projectRoot = "";
			targets = (
				6505DB8D2C20A0F40048CA79 /* Apego */,
			);
		};
/* End PBXProject section */

/* Begin PBXResourcesBuildPhase section */
		6505DB8C2C20A0F40048CA79 /* Resources */ = {
			isa = PBXResourcesBuildPhase;
			buildActionMask = 2147483647;
			files = (
				8C79F2762C20AB7B00E915BB /* .swiftlint.yml in Resources */,
				6505DB9B2C20A0F50048CA79 /* Preview Assets.xcassets in Resources */,
				6505DB982C20A0F50048CA79 /* Assets.xcassets in Resources */,
			);
			runOnlyForDeploymentPostprocessing = 0;
		};
/* End PBXResourcesBuildPhase section */

/* Begin PBXShellScriptBuildPhase section */
		8C79F28B2C20B03500E915BB /* ShellScript */ = {
			isa = PBXShellScriptBuildPhase;
			buildActionMask = 2147483647;
			files = (
			);
			inputFileListPaths = (
			);
			inputPaths = (
			);
			outputFileListPaths = (
			);
			outputPaths = (
			);
			runOnlyForDeploymentPostprocessing = 0;
			shellPath = /bin/sh;
			shellScript = "if [[ \"$(uname -m)\" == arm64 ]]; then\n    export PATH=\"/opt/homebrew/bin:$PATH\"\nfi\n\nif which swiftlint > /dev/null; then\n  swiftlint\nelse\n  echo \"warning: SwiftLint not installed, download from https://github.com/realm/SwiftLint\"\nfi\n";
		};
/* End PBXShellScriptBuildPhase section */

/* Begin PBXSourcesBuildPhase section */
		6505DB8A2C20A0F40048CA79 /* Sources */ = {
			isa = PBXSourcesBuildPhase;
			buildActionMask = 2147483647;
			files = (
				65312D212C21D57B00E2684E /* CombinarView.swift in Sources */,
				4CE738662C27AF960092E692 /* PersistenceController.swift in Sources */,
				8CFBA3E62C22049F0001E7D9 /* AddPhoto.swift in Sources */,
				4CE2128B2C28B5890074BE42 /* ImagePickerModel.swift in Sources */,
				4CE212862C28AA210074BE42 /* SaveImageView.swift in Sources */,
				6505DB942C20A0F40048CA79 /* TextField.swift in Sources */,
				8C1298CF2C25B5A1005A1260 /* Inicio.swift in Sources */,
				8C20CD5C2C2DE5C300895246 /* SplashScreenView.swift in Sources */,
				6521B1212C2B08E900E2E3FE /* FinalizarView.swift in Sources */,
				6505DB942C20A0F40048CA79 /* TextField.swift in Sources */,
				650BDC0C2C24CF34005F1D56 /* EditarPeca.swift in Sources */,
				8C72EB592C2AE35600307987 /* EffectsPipeline.swift in Sources */,
				8CE8D10C2C2A38760011BA83 /* filterModel.swift in Sources */,
				65312D1F2C21D56400E2684E /* ApegoView.swift in Sources */,
				650BDC052C246292005F1D56 /* CardAddPeca.swift in Sources */,
				6505DB962C20A0F40048CA79 /* Item.swift in Sources */,
				655173542C2238CE002948AA /* Botoes.swift in Sources */,
				4CE212892C28B22E0074BE42 /* ImageListView.swift in Sources */,
				65312D1D2C21D51800E2684E /* TabBar.swift in Sources */,
				65312D1D2C21D51800E2684E /* TabBar.swift in Sources */,
				8C72EB5F2C2B047C00307987 /* VielModelCam.swift in Sources */,
				6505DB962C20A0F40048CA79 /* Item.swift in Sources */,
				656CBC022C25B3F7007C7AF7 /* MyTab.swift in Sources */,
				8CFBA3F92C234B000001E7D9 /* MyImageClassifierCP.mlmodel in Sources */,
				6521B11F2C2B02A600E2E3FE /* AdicionarView.swift in Sources */,
				4CE738682C27B0790092E692 /* RoupaModelo.swift in Sources */,
				6505DB922C20A0F40048CA79 /* ApegoApp.swift in Sources */,
				6505DBA72C20A2BB0048CA79 /* Util.swift in Sources */,
				4CBD2F6A2C29C46900459CAA /* ContentView.swift in Sources */,
				8CE8D10A2C2A363C0011BA83 /* ModelFilter.swift in Sources */,
				8CE8D1082C2A31CF0011BA83 /* OrganizarViewTela.swift in Sources */,
				651F979D2C22FF1C00B830E5 /* Estilos.swift in Sources */,
				65D0D10C2C28875500BD74AC /* SelectedImagesView.swift in Sources */,
				8C201D2C2C20BD97001D7636 /* TeladeInicioView.swift in Sources */,
				8C72EB642C2B56AD00307987 /* Tip.swift in Sources */,
				65D0D10A2C28732A00BD74AC /* CombinacoesNaPeca.swift in Sources */,
				8C72EB662C2B56CA00307987 /* TipView.swift in Sources */,
				656CBC002C25A7DD007C7AF7 /* CardRoupa.swift in Sources */,
				8C1298CD2C25B3F3005A1260 /* AdicionarPecasSheet.swift in Sources */,
				8C72EB5B2C2AE4DB00307987 /* RemoverFundo.swift in Sources */,
				650BDC072C246A9D005F1D56 /* CardInfo.swift in Sources */,
				658835952C29B03E0095E0C2 /* ViewController.swift in Sources */,
				656CBC042C25B596007C7AF7 /* EdicaoGeralPecas.swift in Sources */,
				65600FAB2C25C1C4004557B6 /* MyDropDown.swift in Sources */,
				8CFBA3E92C2204F10001E7D9 /* ViewModel.swift in Sources */,
				650BDC0A2C247230005F1D56 /* BotaoContinuar.swift in Sources */,
				8C31F9282C23B4130007FD86 /* Cores.mlmodel in Sources */,
				8CFBA3EB2C220BFB0001E7D9 /* RemoveBackground.swift in Sources */,
				8C72EB612C2B2DE400307987 /* CamPreview.swift in Sources */,
				6505DBAA2C20A2CD0048CA79 /* Models.swift in Sources */,
			);
			runOnlyForDeploymentPostprocessing = 0;
		};
/* End PBXSourcesBuildPhase section */

/* Begin XCBuildConfiguration section */
		6505DB9C2C20A0F50048CA79 /* Debug */ = {
			isa = XCBuildConfiguration;
			buildSettings = {
				ALWAYS_SEARCH_USER_PATHS = NO;
				ASSETCATALOG_COMPILER_GENERATE_SWIFT_ASSET_SYMBOL_EXTENSIONS = YES;
				CLANG_ANALYZER_NONNULL = YES;
				CLANG_ANALYZER_NUMBER_OBJECT_CONVERSION = YES_AGGRESSIVE;
				CLANG_CXX_LANGUAGE_STANDARD = "gnu++20";
				CLANG_ENABLE_MODULES = YES;
				CLANG_ENABLE_OBJC_ARC = YES;
				CLANG_ENABLE_OBJC_WEAK = YES;
				CLANG_WARN_BLOCK_CAPTURE_AUTORELEASING = YES;
				CLANG_WARN_BOOL_CONVERSION = YES;
				CLANG_WARN_COMMA = YES;
				CLANG_WARN_CONSTANT_CONVERSION = YES;
				CLANG_WARN_DEPRECATED_OBJC_IMPLEMENTATIONS = YES;
				CLANG_WARN_DIRECT_OBJC_ISA_USAGE = YES_ERROR;
				CLANG_WARN_DOCUMENTATION_COMMENTS = YES;
				CLANG_WARN_EMPTY_BODY = YES;
				CLANG_WARN_ENUM_CONVERSION = YES;
				CLANG_WARN_INFINITE_RECURSION = YES;
				CLANG_WARN_INT_CONVERSION = YES;
				CLANG_WARN_NON_LITERAL_NULL_CONVERSION = YES;
				CLANG_WARN_OBJC_IMPLICIT_RETAIN_SELF = YES;
				CLANG_WARN_OBJC_LITERAL_CONVERSION = YES;
				CLANG_WARN_OBJC_ROOT_CLASS = YES_ERROR;
				CLANG_WARN_QUOTED_INCLUDE_IN_FRAMEWORK_HEADER = YES;
				CLANG_WARN_RANGE_LOOP_ANALYSIS = YES;
				CLANG_WARN_STRICT_PROTOTYPES = YES;
				CLANG_WARN_SUSPICIOUS_MOVE = YES;
				CLANG_WARN_UNGUARDED_AVAILABILITY = YES_AGGRESSIVE;
				CLANG_WARN_UNREACHABLE_CODE = YES;
				CLANG_WARN__DUPLICATE_METHOD_MATCH = YES;
				COPY_PHASE_STRIP = NO;
				DEBUG_INFORMATION_FORMAT = dwarf;
				ENABLE_STRICT_OBJC_MSGSEND = YES;
				ENABLE_TESTABILITY = YES;
				ENABLE_USER_SCRIPT_SANDBOXING = NO;
				GCC_C_LANGUAGE_STANDARD = gnu17;
				GCC_DYNAMIC_NO_PIC = NO;
				GCC_NO_COMMON_BLOCKS = YES;
				GCC_OPTIMIZATION_LEVEL = 0;
				GCC_PREPROCESSOR_DEFINITIONS = (
					"DEBUG=1",
					"$(inherited)",
				);
				GCC_WARN_64_TO_32_BIT_CONVERSION = YES;
				GCC_WARN_ABOUT_RETURN_TYPE = YES_ERROR;
				GCC_WARN_UNDECLARED_SELECTOR = YES;
				GCC_WARN_UNINITIALIZED_AUTOS = YES_AGGRESSIVE;
				GCC_WARN_UNUSED_FUNCTION = YES;
				GCC_WARN_UNUSED_VARIABLE = YES;
				IPHONEOS_DEPLOYMENT_TARGET = 17.4;
				LOCALIZATION_PREFERS_STRING_CATALOGS = YES;
				MTL_ENABLE_DEBUG_INFO = INCLUDE_SOURCE;
				MTL_FAST_MATH = YES;
				ONLY_ACTIVE_ARCH = YES;
				SDKROOT = iphoneos;
				SWIFT_ACTIVE_COMPILATION_CONDITIONS = "DEBUG $(inherited)";
				SWIFT_OPTIMIZATION_LEVEL = "-Onone";
			};
			name = Debug;
		};
		6505DB9D2C20A0F50048CA79 /* Release */ = {
			isa = XCBuildConfiguration;
			buildSettings = {
				ALWAYS_SEARCH_USER_PATHS = NO;
				ASSETCATALOG_COMPILER_GENERATE_SWIFT_ASSET_SYMBOL_EXTENSIONS = YES;
				CLANG_ANALYZER_NONNULL = YES;
				CLANG_ANALYZER_NUMBER_OBJECT_CONVERSION = YES_AGGRESSIVE;
				CLANG_CXX_LANGUAGE_STANDARD = "gnu++20";
				CLANG_ENABLE_MODULES = YES;
				CLANG_ENABLE_OBJC_ARC = YES;
				CLANG_ENABLE_OBJC_WEAK = YES;
				CLANG_WARN_BLOCK_CAPTURE_AUTORELEASING = YES;
				CLANG_WARN_BOOL_CONVERSION = YES;
				CLANG_WARN_COMMA = YES;
				CLANG_WARN_CONSTANT_CONVERSION = YES;
				CLANG_WARN_DEPRECATED_OBJC_IMPLEMENTATIONS = YES;
				CLANG_WARN_DIRECT_OBJC_ISA_USAGE = YES_ERROR;
				CLANG_WARN_DOCUMENTATION_COMMENTS = YES;
				CLANG_WARN_EMPTY_BODY = YES;
				CLANG_WARN_ENUM_CONVERSION = YES;
				CLANG_WARN_INFINITE_RECURSION = YES;
				CLANG_WARN_INT_CONVERSION = YES;
				CLANG_WARN_NON_LITERAL_NULL_CONVERSION = YES;
				CLANG_WARN_OBJC_IMPLICIT_RETAIN_SELF = YES;
				CLANG_WARN_OBJC_LITERAL_CONVERSION = YES;
				CLANG_WARN_OBJC_ROOT_CLASS = YES_ERROR;
				CLANG_WARN_QUOTED_INCLUDE_IN_FRAMEWORK_HEADER = YES;
				CLANG_WARN_RANGE_LOOP_ANALYSIS = YES;
				CLANG_WARN_STRICT_PROTOTYPES = YES;
				CLANG_WARN_SUSPICIOUS_MOVE = YES;
				CLANG_WARN_UNGUARDED_AVAILABILITY = YES_AGGRESSIVE;
				CLANG_WARN_UNREACHABLE_CODE = YES;
				CLANG_WARN__DUPLICATE_METHOD_MATCH = YES;
				COPY_PHASE_STRIP = NO;
				DEBUG_INFORMATION_FORMAT = "dwarf-with-dsym";
				ENABLE_NS_ASSERTIONS = NO;
				ENABLE_STRICT_OBJC_MSGSEND = YES;
				ENABLE_USER_SCRIPT_SANDBOXING = NO;
				GCC_C_LANGUAGE_STANDARD = gnu17;
				GCC_NO_COMMON_BLOCKS = YES;
				GCC_WARN_64_TO_32_BIT_CONVERSION = YES;
				GCC_WARN_ABOUT_RETURN_TYPE = YES_ERROR;
				GCC_WARN_UNDECLARED_SELECTOR = YES;
				GCC_WARN_UNINITIALIZED_AUTOS = YES_AGGRESSIVE;
				GCC_WARN_UNUSED_FUNCTION = YES;
				GCC_WARN_UNUSED_VARIABLE = YES;
				IPHONEOS_DEPLOYMENT_TARGET = 17.4;
				LOCALIZATION_PREFERS_STRING_CATALOGS = YES;
				MTL_ENABLE_DEBUG_INFO = NO;
				MTL_FAST_MATH = YES;
				SDKROOT = iphoneos;
				SWIFT_COMPILATION_MODE = wholemodule;
				VALIDATE_PRODUCT = YES;
			};
			name = Release;
		};
		6505DB9F2C20A0F50048CA79 /* Debug */ = {
			isa = XCBuildConfiguration;
			buildSettings = {
				ASSETCATALOG_COMPILER_APPICON_NAME = AppIcon;
				ASSETCATALOG_COMPILER_GLOBAL_ACCENT_COLOR_NAME = AccentColor;
				CODE_SIGN_STYLE = Automatic;
				CURRENT_PROJECT_VERSION = 1;
				DEVELOPMENT_ASSET_PATHS = "\"Apego/Preview Content\"";
				DEVELOPMENT_TEAM = 5HHC6W5Z4U;
				ENABLE_PREVIEWS = YES;
				GENERATE_INFOPLIST_FILE = YES;
				INFOPLIST_KEY_LSApplicationCategoryType = "public.app-category.utilities";
				INFOPLIST_KEY_NSCameraUsageDescription = "O aplicativo usa a câmera para detectar objetos";
				INFOPLIST_KEY_UIApplicationSceneManifest_Generation = YES;
				INFOPLIST_KEY_UIApplicationSupportsIndirectInputEvents = YES;
				INFOPLIST_KEY_UILaunchScreen_Generation = YES;
				INFOPLIST_KEY_UISupportedInterfaceOrientations_iPad = "UIInterfaceOrientationPortrait UIInterfaceOrientationPortraitUpsideDown UIInterfaceOrientationLandscapeLeft UIInterfaceOrientationLandscapeRight";
				INFOPLIST_KEY_UISupportedInterfaceOrientations_iPhone = "UIInterfaceOrientationPortrait UIInterfaceOrientationLandscapeLeft UIInterfaceOrientationLandscapeRight";
				LD_RUNPATH_SEARCH_PATHS = (
					"$(inherited)",
					"@executable_path/Frameworks",
				);
				MARKETING_VERSION = 0.1.0;
				PRODUCT_BUNDLE_IDENTIFIER = "Taissa-Taissa.Apego";
				PRODUCT_NAME = "$(TARGET_NAME)";
				SWIFT_EMIT_LOC_STRINGS = YES;
				SWIFT_VERSION = 5.0;
				TARGETED_DEVICE_FAMILY = "1,2";
			};
			name = Debug;
		};
		6505DBA02C20A0F50048CA79 /* Release */ = {
			isa = XCBuildConfiguration;
			buildSettings = {
				ASSETCATALOG_COMPILER_APPICON_NAME = AppIcon;
				ASSETCATALOG_COMPILER_GLOBAL_ACCENT_COLOR_NAME = AccentColor;
				CODE_SIGN_STYLE = Automatic;
				CURRENT_PROJECT_VERSION = 1;
				DEVELOPMENT_ASSET_PATHS = "\"Apego/Preview Content\"";
				DEVELOPMENT_TEAM = 5HHC6W5Z4U;
				ENABLE_PREVIEWS = YES;
				GENERATE_INFOPLIST_FILE = YES;
				INFOPLIST_KEY_LSApplicationCategoryType = "public.app-category.utilities";
				INFOPLIST_KEY_NSCameraUsageDescription = "O aplicativo usa a câmera para detectar objetos";
				INFOPLIST_KEY_UIApplicationSceneManifest_Generation = YES;
				INFOPLIST_KEY_UIApplicationSupportsIndirectInputEvents = YES;
				INFOPLIST_KEY_UILaunchScreen_Generation = YES;
				INFOPLIST_KEY_UISupportedInterfaceOrientations_iPad = "UIInterfaceOrientationPortrait UIInterfaceOrientationPortraitUpsideDown UIInterfaceOrientationLandscapeLeft UIInterfaceOrientationLandscapeRight";
				INFOPLIST_KEY_UISupportedInterfaceOrientations_iPhone = "UIInterfaceOrientationPortrait UIInterfaceOrientationLandscapeLeft UIInterfaceOrientationLandscapeRight";
				LD_RUNPATH_SEARCH_PATHS = (
					"$(inherited)",
					"@executable_path/Frameworks",
				);
				MARKETING_VERSION = 0.1.0;
				PRODUCT_BUNDLE_IDENTIFIER = "Taissa-Taissa.Apego";
				PRODUCT_NAME = "$(TARGET_NAME)";
				SWIFT_EMIT_LOC_STRINGS = YES;
				SWIFT_VERSION = 5.0;
				TARGETED_DEVICE_FAMILY = "1,2";
			};
			name = Release;
		};
/* End XCBuildConfiguration section */

/* Begin XCConfigurationList section */
		6505DB892C20A0F40048CA79 /* Build configuration list for PBXProject "Apego" */ = {
			isa = XCConfigurationList;
			buildConfigurations = (
				6505DB9C2C20A0F50048CA79 /* Debug */,
				6505DB9D2C20A0F50048CA79 /* Release */,
			);
			defaultConfigurationIsVisible = 0;
			defaultConfigurationName = Release;
		};
		6505DB9E2C20A0F50048CA79 /* Build configuration list for PBXNativeTarget "Apego" */ = {
			isa = XCConfigurationList;
			buildConfigurations = (
				6505DB9F2C20A0F50048CA79 /* Debug */,
				6505DBA02C20A0F50048CA79 /* Release */,
			);
			defaultConfigurationIsVisible = 0;
			defaultConfigurationName = Release;
		};
/* End XCConfigurationList section */

/* Begin XCRemoteSwiftPackageReference section */
		8C20CD5D2C2DEFE600895246 /* XCRemoteSwiftPackageReference "simple-keyframe-animations" */ = {
			isa = XCRemoteSwiftPackageReference;
			repositoryURL = "https://github.com/juliasaboya/simple-keyframe-animations.git";
			requirement = {
				branch = main;
				kind = branch;
			};
		};
/* End XCRemoteSwiftPackageReference section */

/* Begin XCSwiftPackageProductDependency section */
		8C20CD5E2C2DEFE600895246 /* simple-keyframe-animations */ = {
			isa = XCSwiftPackageProductDependency;
			package = 8C20CD5D2C2DEFE600895246 /* XCRemoteSwiftPackageReference "simple-keyframe-animations" */;
			productName = "simple-keyframe-animations";
		};
/* End XCSwiftPackageProductDependency section */
	};
	rootObject = 6505DB862C20A0F40048CA79 /* Project object */;
}
